{
  "name": "ucp-1",
  "version": "1.0.0",
  "description": "Fondasi website Toko Sembako Ibu Aries - Sprint 1 (struktur halaman, styling responsif, server Express dasar)",
  "main": "server.js",
  "scripts": {
    "start": "node server.js",
    "dev": "nodemon server.js"
  },
  "keywords": ["express", "ejs", "toko", "sembako"],
  "author": "",
  "license": "ISC",
  "dependencies": {
    "express": "^4.19.2",
    "ejs": "^3.1.10"
  },
  "devDependencies": {
    "nodemon": "^3.1.4"
  }
}
